{
  "name": "Work-history-manager",
  "version": "1.0.0",
  "lockfileVersion": 1,
  "requires": true,
  "dependencies": {
    "handsontable": {
      "version": "0.38.1",
      "resolved": "https://registry.npmjs.org/handsontable/-/handsontable-0.38.1.tgz",
      "integrity": "sha512-HKapaF9fXNgZaw2bSE3WQGEDM/7ClJ008jJUk3/fQgFUk9eS8/TRMUiXECokAExUeXhVtKYOjQ9Tfk6qyfFyLQ==",
      "requires": {
        "moment": "2.20.1",
        "numbro": "1.11.0",
        "pikaday": "1.5.1"
      }
    },
    "moment": {
      "version": "2.20.1",
      "resolved": "https://registry.npmjs.org/moment/-/moment-2.20.1.tgz",
      "integrity": "sha512-Yh9y73JRljxW5QxN08Fner68eFLxM5ynNOAw2LbIB1YAGeQzZT8QFSUvkAz609Zf+IHhhaUxqZK8dG3W/+HEvg=="
    },
    "numbro": {
      "version": "1.11.0",
      "resolved": "https://registry.npmjs.org/numbro/-/numbro-1.11.0.tgz",
      "integrity": "sha1-OaoXs1i0aCrsjKDVdV81xdnOj54="
    },
    "pikaday": {
      "version": "1.5.1",
      "resolved": "https://registry.npmjs.org/pikaday/-/pikaday-1.5.1.tgz",
      "integrity": "sha1-CkhUm8GhTqHQjEQHTXYbwvK/z9M=",
      "requires": {
        "moment": "2.20.1"
      }
    }
  }
}
